// !$*UTF8*$!
{
	archiveVersion = 1;
	classes = {
	};
	objectVersion = 56;
	objects = {

/* Begin PBXBuildFile section */
		668EBA26299E7EFC009CA112 /* CheckButton.swift in Sources */ = {isa = PBXBuildFile; fileRef = 668EBA25299E7EFC009CA112 /* CheckButton.swift */; };
		669DA44A299D1220006AC2C7 /* AppDelegate.swift in Sources */ = {isa = PBXBuildFile; fileRef = 669DA449299D1220006AC2C7 /* AppDelegate.swift */; };
		669DA44C299D1220006AC2C7 /* SceneDelegate.swift in Sources */ = {isa = PBXBuildFile; fileRef = 669DA44B299D1220006AC2C7 /* SceneDelegate.swift */; };
		669DA44E299D1220006AC2C7 /* ViewController.swift in Sources */ = {isa = PBXBuildFile; fileRef = 669DA44D299D1220006AC2C7 /* ViewController.swift */; };
		669DA451299D1220006AC2C7 /* Main.storyboard in Resources */ = {isa = PBXBuildFile; fileRef = 669DA44F299D1220006AC2C7 /* Main.storyboard */; };
		669DA453299D1221006AC2C7 /* Assets.xcassets in Resources */ = {isa = PBXBuildFile; fileRef = 669DA452299D1221006AC2C7 /* Assets.xcassets */; };
		669DA456299D1221006AC2C7 /* LaunchScreen.storyboard in Resources */ = {isa = PBXBuildFile; fileRef = 669DA454299D1221006AC2C7 /* LaunchScreen.storyboard */; };
		669DA461299D1221006AC2C7 /* SELENA_SLEDAITests.swift in Sources */ = {isa = PBXBuildFile; fileRef = 669DA460299D1221006AC2C7 /* SELENA_SLEDAITests.swift */; };
		669DA46B299D1221006AC2C7 /* SELENA_SLEDAIUITests.swift in Sources */ = {isa = PBXBuildFile; fileRef = 669DA46A299D1221006AC2C7 /* SELENA_SLEDAIUITests.swift */; };
		669DA46D299D1221006AC2C7 /* SELENA_SLEDAIUITestsLaunchTests.swift in Sources */ = {isa = PBXBuildFile; fileRef = 669DA46C299D1221006AC2C7 /* SELENA_SLEDAIUITestsLaunchTests.swift */; };
		669DA47A299D12DE006AC2C7 /* TableViewController.swift in Sources */ = {isa = PBXBuildFile; fileRef = 669DA479299D12DE006AC2C7 /* TableViewController.swift */; };
		669DA47F299D1DED006AC2C7 /* Realm in Frameworks */ = {isa = PBXBuildFile; productRef = 669DA47E299D1DED006AC2C7 /* Realm */; };
		669DA481299D1DED006AC2C7 /* RealmSwift in Frameworks */ = {isa = PBXBuildFile; productRef = 669DA480299D1DED006AC2C7 /* RealmSwift */; };
		669DA483299D1E16006AC2C7 /* RealmInit.swift in Sources */ = {isa = PBXBuildFile; fileRef = 669DA482299D1E16006AC2C7 /* RealmInit.swift */; };
		669DA485299D22D5006AC2C7 /* TableViewCell.swift in Sources */ = {isa = PBXBuildFile; fileRef = 669DA484299D22D5006AC2C7 /* TableViewCell.swift */; };
/* End PBXBuildFile section */

/* Begin PBXContainerItemProxy section */
		669DA45D299D1221006AC2C7 /* PBXContainerItemProxy */ = {
			isa = PBXContainerItemProxy;
			containerPortal = 669DA43E299D1220006AC2C7 /* Project object */;
			proxyType = 1;
			remoteGlobalIDString = 669DA445299D1220006AC2C7;
			remoteInfo = "SELENA-SLEDAI";
		};
		669DA467299D1221006AC2C7 /* PBXContainerItemProxy */ = {
			isa = PBXContainerItemProxy;
			containerPortal = 669DA43E299D1220006AC2C7 /* Project object */;
			proxyType = 1;
			remoteGlobalIDString = 669DA445299D1220006AC2C7;
			remoteInfo = "SELENA-SLEDAI";
		};
/* End PBXContainerItemProxy section */

/* Begin PBXFileReference section */
		668EBA25299E7EFC009CA112 /* CheckButton.swift */ = {isa = PBXFileReference; lastKnownFileType = sourcecode.swift; path = CheckButton.swift; sourceTree = "<group>"; };
		669DA446299D1220006AC2C7 /* SELENA-SLEDAI.app */ = {isa = PBXFileReference; explicitFileType = wrapper.application; includeInIndex = 0; path = "SELENA-SLEDAI.app"; sourceTree = BUILT_PRODUCTS_DIR; };
		669DA449299D1220006AC2C7 /* AppDelegate.swift */ = {isa = PBXFileReference; lastKnownFileType = sourcecode.swift; path = AppDelegate.swift; sourceTree = "<group>"; };
		669DA44B299D1220006AC2C7 /* SceneDelegate.swift */ = {isa = PBXFileReference; lastKnownFileType = sourcecode.swift; path = SceneDelegate.swift; sourceTree = "<group>"; };
		669DA44D299D1220006AC2C7 /* ViewController.swift */ = {isa = PBXFileReference; lastKnownFileType = sourcecode.swift; path = ViewController.swift; sourceTree = "<group>"; };
		669DA450299D1220006AC2C7 /* Base */ = {isa = PBXFileReference; lastKnownFileType = file.storyboard; name = Base; path = Base.lproj/Main.storyboard; sourceTree = "<group>"; };
		669DA452299D1221006AC2C7 /* Assets.xcassets */ = {isa = PBXFileReference; lastKnownFileType = folder.assetcatalog; path = Assets.xcassets; sourceTree = "<group>"; };
		669DA455299D1221006AC2C7 /* Base */ = {isa = PBXFileReference; lastKnownFileType = file.storyboard; name = Base; path = Base.lproj/LaunchScreen.storyboard; sourceTree = "<group>"; };
		669DA457299D1221006AC2C7 /* Info.plist */ = {isa = PBXFileReference; lastKnownFileType = text.plist.xml; path = Info.plist; sourceTree = "<group>"; };
		669DA45C299D1221006AC2C7 /* SELENA-SLEDAITests.xctest */ = {isa = PBXFileReference; explicitFileType = wrapper.cfbundle; includeInIndex = 0; path = "SELENA-SLEDAITests.xctest"; sourceTree = BUILT_PRODUCTS_DIR; };
		669DA460299D1221006AC2C7 /* SELENA_SLEDAITests.swift */ = {isa = PBXFileReference; lastKnownFileType = sourcecode.swift; path = SELENA_SLEDAITests.swift; sourceTree = "<group>"; };
		669DA466299D1221006AC2C7 /* SELENA-SLEDAIUITests.xctest */ = {isa = PBXFileReference; explicitFileType = wrapper.cfbundle; includeInIndex = 0; path = "SELENA-SLEDAIUITests.xctest"; sourceTree = BUILT_PRODUCTS_DIR; };
		669DA46A299D1221006AC2C7 /* SELENA_SLEDAIUITests.swift */ = {isa = PBXFileReference; lastKnownFileType = sourcecode.swift; path = SELENA_SLEDAIUITests.swift; sourceTree = "<group>"; };
		669DA46C299D1221006AC2C7 /* SELENA_SLEDAIUITestsLaunchTests.swift */ = {isa = PBXFileReference; lastKnownFileType = sourcecode.swift; path = SELENA_SLEDAIUITestsLaunchTests.swift; sourceTree = "<group>"; };
		669DA479299D12DE006AC2C7 /* TableViewController.swift */ = {isa = PBXFileReference; lastKnownFileType = sourcecode.swift; path = TableViewController.swift; sourceTree = "<group>"; };
		669DA482299D1E16006AC2C7 /* RealmInit.swift */ = {isa = PBXFileReference; lastKnownFileType = sourcecode.swift; path = RealmInit.swift; sourceTree = "<group>"; };
		669DA484299D22D5006AC2C7 /* TableViewCell.swift */ = {isa = PBXFileReference; lastKnownFileType = sourcecode.swift; path = TableViewCell.swift; sourceTree = "<group>"; };
/* End PBXFileReference section */

/* Begin PBXFrameworksBuildPhase section */
		669DA443299D1220006AC2C7 /* Frameworks */ = {
			isa = PBXFrameworksBuildPhase;
			buildActionMask = 2147483647;
			files = (
				669DA481299D1DED006AC2C7 /* RealmSwift in Frameworks */,
				669DA47F299D1DED006AC2C7 /* Realm in Frameworks */,
			);
			runOnlyForDeploymentPostprocessing = 0;
		};
		669DA459299D1221006AC2C7 /* Frameworks */ = {
			isa = PBXFrameworksBuildPhase;
			buildActionMask = 2147483647;
			files = (
			);
			runOnlyForDeploymentPostprocessing = 0;
		};
		669DA463299D1221006AC2C7 /* Frameworks */ = {
			isa = PBXFrameworksBuildPhase;
			buildActionMask = 2147483647;
			files = (
			);
			runOnlyForDeploymentPostprocessing = 0;
		};
/* End PBXFrameworksBuildPhase section */

/* Begin PBXGroup section */
		669DA43D299D1220006AC2C7 = {
			isa = PBXGroup;
			children = (
				669DA448299D1220006AC2C7 /* SELENA-SLEDAI */,
				669DA45F299D1221006AC2C7 /* SELENA-SLEDAITests */,
				669DA469299D1221006AC2C7 /* SELENA-SLEDAIUITests */,
				669DA447299D1220006AC2C7 /* Products */,
			);
			sourceTree = "<group>";
		};
		669DA447299D1220006AC2C7 /* Products */ = {
			isa = PBXGroup;
			children = (
				669DA446299D1220006AC2C7 /* SELENA-SLEDAI.app */,
				669DA45C299D1221006AC2C7 /* SELENA-SLEDAITests.xctest */,
				669DA466299D1221006AC2C7 /* SELENA-SLEDAIUITests.xctest */,
			);
			name = Products;
			sourceTree = "<group>";
		};
		669DA448299D1220006AC2C7 /* SELENA-SLEDAI */ = {
			isa = PBXGroup;
			children = (
				669DA449299D1220006AC2C7 /* AppDelegate.swift */,
				669DA44B299D1220006AC2C7 /* SceneDelegate.swift */,
				669DA44D299D1220006AC2C7 /* ViewController.swift */,
				669DA479299D12DE006AC2C7 /* TableViewController.swift */,
				669DA482299D1E16006AC2C7 /* RealmInit.swift */,
				669DA44F299D1220006AC2C7 /* Main.storyboard */,
				668EBA25299E7EFC009CA112 /* CheckButton.swift */,
				669DA484299D22D5006AC2C7 /* TableViewCell.swift */,
				669DA452299D1221006AC2C7 /* Assets.xcassets */,
				669DA454299D1221006AC2C7 /* LaunchScreen.storyboard */,
				669DA457299D1221006AC2C7 /* Info.plist */,
			);
			path = "SELENA-SLEDAI";
			sourceTree = "<group>";
		};
		669DA45F299D1221006AC2C7 /* SELENA-SLEDAITests */ = {
			isa = PBXGroup;
			children = (
				669DA460299D1221006AC2C7 /* SELENA_SLEDAITests.swift */,
			);
			path = "SELENA-SLEDAITests";
			sourceTree = "<group>";
		};
		669DA469299D1221006AC2C7 /* SELENA-SLEDAIUITests */ = {
			isa = PBXGroup;
			children = (
				669DA46A299D1221006AC2C7 /* SELENA_SLEDAIUITests.swift */,
				669DA46C299D1221006AC2C7 /* SELENA_SLEDAIUITestsLaunchTests.swift */,
			);
			path = "SELENA-SLEDAIUITests";
			sourceTree = "<group>";
		};
/* End PBXGroup section */

/* Begin PBXNativeTarget section */
		669DA445299D1220006AC2C7 /* SELENA-SLEDAI */ = {
			isa = PBXNativeTarget;
			buildConfigurationList = 669DA470299D1221006AC2C7 /* Build configuration list for PBXNativeTarget "SELENA-SLEDAI" */;
			buildPhases = (
				669DA442299D1220006AC2C7 /* Sources */,
				669DA443299D1220006AC2C7 /* Frameworks */,
				669DA444299D1220006AC2C7 /* Resources */,
			);
			buildRules = (
			);
			dependencies = (
			);
			name = "SELENA-SLEDAI";
			packageProductDependencies = (
				669DA47E299D1DED006AC2C7 /* Realm */,
				669DA480299D1DED006AC2C7 /* RealmSwift */,
			);
			productName = "SELENA-SLEDAI";
			productReference = 669DA446299D1220006AC2C7 /* SELENA-SLEDAI.app */;
			productType = "com.apple.product-type.application";
		};
		669DA45B299D1221006AC2C7 /* SELENA-SLEDAITests */ = {
			isa = PBXNativeTarget;
			buildConfigurationList = 669DA473299D1221006AC2C7 /* Build configuration list for PBXNativeTarget "SELENA-SLEDAITests" */;
			buildPhases = (
				669DA458299D1221006AC2C7 /* Sources */,
				669DA459299D1221006AC2C7 /* Frameworks */,
				669DA45A299D1221006AC2C7 /* Resources */,
			);
			buildRules = (
			);
			dependencies = (
				669DA45E299D1221006AC2C7 /* PBXTargetDependency */,
			);
			name = "SELENA-SLEDAITests";
			productName = "SELENA-SLEDAITests";
			productReference = 669DA45C299D1221006AC2C7 /* SELENA-SLEDAITests.xctest */;
			productType = "com.apple.product-type.bundle.unit-test";
		};
		669DA465299D1221006AC2C7 /* SELENA-SLEDAIUITests */ = {
			isa = PBXNativeTarget;
			buildConfigurationList = 669DA476299D1221006AC2C7 /* Build configuration list for PBXNativeTarget "SELENA-SLEDAIUITests" */;
			buildPhases = (
				669DA462299D1221006AC2C7 /* Sources */,
				669DA463299D1221006AC2C7 /* Frameworks */,
				669DA464299D1221006AC2C7 /* Resources */,
			);
			buildRules = (
			);
			dependencies = (
				669DA468299D1221006AC2C7 /* PBXTargetDependency */,
			);
			name = "SELENA-SLEDAIUITests";
			productName = "SELENA-SLEDAIUITests";
			productReference = 669DA466299D1221006AC2C7 /* SELENA-SLEDAIUITests.xctest */;
			productType = "com.apple.product-type.bundle.ui-testing";
		};
/* End PBXNativeTarget section */

/* Begin PBXProject section */
		669DA43E299D1220006AC2C7 /* Project object */ = {
			isa = PBXProject;
			attributes = {
				BuildIndependentTargetsInParallel = 1;
				LastSwiftUpdateCheck = 1420;
				LastUpgradeCheck = 1420;
				TargetAttributes = {
					669DA445299D1220006AC2C7 = {
						CreatedOnToolsVersion = 14.2;
					};
					669DA45B299D1221006AC2C7 = {
						CreatedOnToolsVersion = 14.2;
						TestTargetID = 669DA445299D1220006AC2C7;
					};
					669DA465299D1221006AC2C7 = {
						CreatedOnToolsVersion = 14.2;
						TestTargetID = 669DA445299D1220006AC2C7;
					};
				};
			};
			buildConfigurationList = 669DA441299D1220006AC2C7 /* Build configuration list for PBXProject "SELENA-SLEDAI" */;
			compatibilityVersion = "Xcode 14.0";
			developmentRegion = en;
			hasScannedForEncodings = 0;
			knownRegions = (
				en,
				Base,
			);
			mainGroup = 669DA43D299D1220006AC2C7;
			packageReferences = (
				669DA47D299D1DED006AC2C7 /* XCRemoteSwiftPackageReference "realm-swift" */,
			);
			productRefGroup = 669DA447299D1220006AC2C7 /* Products */;
			projectDirPath = "";
			projectRoot = "";
			targets = (
				669DA445299D1220006AC2C7 /* SELENA-SLEDAI */,
				669DA45B299D1221006AC2C7 /* SELENA-SLEDAITests */,
				669DA465299D1221006AC2C7 /* SELENA-SLEDAIUITests */,
			);
		};
/* End PBXProject section */

/* Begin PBXResourcesBuildPhase section */
		669DA444299D1220006AC2C7 /* Resources */ = {
			isa = PBXResourcesBuildPhase;
			buildActionMask = 2147483647;
			files = (
				669DA456299D1221006AC2C7 /* LaunchScreen.storyboard in Resources */,
				669DA453299D1221006AC2C7 /* Assets.xcassets in Resources */,
				669DA451299D1220006AC2C7 /* Main.storyboard in Resources */,
			);
			runOnlyForDeploymentPostprocessing = 0;
		};
		669DA45A299D1221006AC2C7 /* Resources */ = {
			isa = PBXResourcesBuildPhase;
			buildActionMask = 2147483647;
			files = (
			);
			runOnlyForDeploymentPostprocessing = 0;
		};
		669DA464299D1221006AC2C7 /* Resources */ = {
			isa = PBXResourcesBuildPhase;
			buildActionMask = 2147483647;
			files = (
			);
			runOnlyForDeploymentPostprocessing = 0;
		};
/* End PBXResourcesBuildPhase section */

/* Begin PBXSourcesBuildPhase section */
		669DA442299D1220006AC2C7 /* Sources */ = {
			isa = PBXSourcesBuildPhase;
			buildActionMask = 2147483647;
			files = (
				669DA44E299D1220006AC2C7 /* ViewController.swift in Sources */,
				669DA483299D1E16006AC2C7 /* RealmInit.swift in Sources */,
				669DA44A299D1220006AC2C7 /* AppDelegate.swift in Sources */,
				669DA485299D22D5006AC2C7 /* TableViewCell.swift in Sources */,
				669DA44C299D1220006AC2C7 /* SceneDelegate.swift in Sources */,
				668EBA26299E7EFC009CA112 /* CheckButton.swift in Sources */,
				669DA47A299D12DE006AC2C7 /* TableViewController.swift in Sources */,
			);
			runOnlyForDeploymentPostprocessing = 0;
		};
		669DA458299D1221006AC2C7 /* Sources */ = {
			isa = PBXSourcesBuildPhase;
			buildActionMask = 2147483647;
			files = (
				669DA461299D1221006AC2C7 /* SELENA_SLEDAITests.swift in Sources */,
			);
			runOnlyForDeploymentPostprocessing = 0;
		};
		669DA462299D1221006AC2C7 /* Sources */ = {
			isa = PBXSourcesBuildPhase;
			buildActionMask = 2147483647;
			files = (
				669DA46D299D1221006AC2C7 /* SELENA_SLEDAIUITestsLaunchTests.swift in Sources */,
				669DA46B299D1221006AC2C7 /* SELENA_SLEDAIUITests.swift in Sources */,
			);
			runOnlyForDeploymentPostprocessing = 0;
		};
/* End PBXSourcesBuildPhase section */

/* Begin PBXTargetDependency section */
		669DA45E299D1221006AC2C7 /* PBXTargetDependency */ = {
			isa = PBXTargetDependency;
			target = 669DA445299D1220006AC2C7 /* SELENA-SLEDAI */;
			targetProxy = 669DA45D299D1221006AC2C7 /* PBXContainerItemProxy */;
		};
		669DA468299D1221006AC2C7 /* PBXTargetDependency */ = {
			isa = PBXTargetDependency;
			target = 669DA445299D1220006AC2C7 /* SELENA-SLEDAI */;
			targetProxy = 669DA467299D1221006AC2C7 /* PBXContainerItemProxy */;
		};
/* End PBXTargetDependency section */

/* Begin PBXVariantGroup section */
		669DA44F299D1220006AC2C7 /* Main.storyboard */ = {
			isa = PBXVariantGroup;
			children = (
				669DA450299D1220006AC2C7 /* Base */,
			);
			name = Main.storyboard;
			sourceTree = "<group>";
		};
		669DA454299D1221006AC2C7 /* LaunchScreen.storyboard */ = {
			isa = PBXVariantGroup;
			children = (
				669DA455299D1221006AC2C7 /* Base */,
			);
			name = LaunchScreen.storyboard;
			sourceTree = "<group>";
		};
/* End PBXVariantGroup section */

/* Begin XCBuildConfiguration section */
		669DA46E299D1221006AC2C7 /* Debug */ = {
			isa = XCBuildConfiguration;
			buildSettings = {
				ALWAYS_SEARCH_USER_PATHS = NO;
				CLANG_ANALYZER_NONNULL = YES;
				CLANG_ANALYZER_NUMBER_OBJECT_CONVERSION = YES_AGGRESSIVE;
				CLANG_CXX_LANGUAGE_STANDARD = "gnu++20";
				CLANG_ENABLE_MODULES = YES;
				CLANG_ENABLE_OBJC_ARC = YES;
				CLANG_ENABLE_OBJC_WEAK = YES;
				CLANG_WARN_BLOCK_CAPTURE_AUTORELEASING = YES;
				CLANG_WARN_BOOL_CONVERSION = YES;
				CLANG_WARN_COMMA = YES;
				CLANG_WARN_CONSTANT_CONVERSION = YES;
				CLANG_WARN_DEPRECATED_OBJC_IMPLEMENTATIONS = YES;
				CLANG_WARN_DIRECT_OBJC_ISA_USAGE = YES_ERROR;
				CLANG_WARN_DOCUMENTATION_COMMENTS = YES;
				CLANG_WARN_EMPTY_BODY = YES;
				CLANG_WARN_ENUM_CONVERSION = YES;
				CLANG_WARN_INFINITE_RECURSION = YES;
				CLANG_WARN_INT_CONVERSION = YES;
				CLANG_WARN_NON_LITERAL_NULL_CONVERSION = YES;
				CLANG_WARN_OBJC_IMPLICIT_RETAIN_SELF = YES;
				CLANG_WARN_OBJC_LITERAL_CONVERSION = YES;
				CLANG_WARN_OBJC_ROOT_CLASS = YES_ERROR;
				CLANG_WARN_QUOTED_INCLUDE_IN_FRAMEWORK_HEADER = YES;
				CLANG_WARN_RANGE_LOOP_ANALYSIS = YES;
				CLANG_WARN_STRICT_PROTOTYPES = YES;
				CLANG_WARN_SUSPICIOUS_MOVE = YES;
				CLANG_WARN_UNGUARDED_AVAILABILITY = YES_AGGRESSIVE;
				CLANG_WARN_UNREACHABLE_CODE = YES;
				CLANG_WARN__DUPLICATE_METHOD_MATCH = YES;
				COPY_PHASE_STRIP = NO;
				DEBUG_INFORMATION_FORMAT = dwarf;
				ENABLE_STRICT_OBJC_MSGSEND = YES;
				ENABLE_TESTABILITY = YES;
				GCC_C_LANGUAGE_STANDARD = gnu11;
				GCC_DYNAMIC_NO_PIC = NO;
				GCC_NO_COMMON_BLOCKS = YES;
				GCC_OPTIMIZATION_LEVEL = 0;
				GCC_PREPROCESSOR_DEFINITIONS = (
					"DEBUG=1",
					"$(inherited)",
				);
				GCC_WARN_64_TO_32_BIT_CONVERSION = YES;
				GCC_WARN_ABOUT_RETURN_TYPE = YES_ERROR;
				GCC_WARN_UNDECLARED_SELECTOR = YES;
				GCC_WARN_UNINITIALIZED_AUTOS = YES_AGGRESSIVE;
				GCC_WARN_UNUSED_FUNCTION = YES;
				GCC_WARN_UNUSED_VARIABLE = YES;
				IPHONEOS_DEPLOYMENT_TARGET = 16.2;
				MTL_ENABLE_DEBUG_INFO = INCLUDE_SOURCE;
				MTL_FAST_MATH = YES;
				ONLY_ACTIVE_ARCH = YES;
				SDKROOT = iphoneos;
				SWIFT_ACTIVE_COMPILATION_CONDITIONS = DEBUG;
				SWIFT_OPTIMIZATION_LEVEL = "-Onone";
			};
			name = Debug;
		};
		669DA46F299D1221006AC2C7 /* Release */ = {
			isa = XCBuildConfiguration;
			buildSettings = {
				ALWAYS_SEARCH_USER_PATHS = NO;
				CLANG_ANALYZER_NONNULL = YES;
				CLANG_ANALYZER_NUMBER_OBJECT_CONVERSION = YES_AGGRESSIVE;
				CLANG_CXX_LANGUAGE_STANDARD = "gnu++20";
				CLANG_ENABLE_MODULES = YES;
				CLANG_ENABLE_OBJC_ARC = YES;
				CLANG_ENABLE_OBJC_WEAK = YES;
				CLANG_WARN_BLOCK_CAPTURE_AUTORELEASING = YES;
				CLANG_WARN_BOOL_CONVERSION = YES;
				CLANG_WARN_COMMA = YES;
				CLANG_WARN_CONSTANT_CONVERSION = YES;
				CLANG_WARN_DEPRECATED_OBJC_IMPLEMENTATIONS = YES;
				CLANG_WARN_DIRECT_OBJC_ISA_USAGE = YES_ERROR;
				CLANG_WARN_DOCUMENTATION_COMMENTS = YES;
				CLANG_WARN_EMPTY_BODY = YES;
				CLANG_WARN_ENUM_CONVERSION = YES;
				CLANG_WARN_INFINITE_RECURSION = YES;
				CLANG_WARN_INT_CONVERSION = YES;
				CLANG_WARN_NON_LITERAL_NULL_CONVERSION = YES;
				CLANG_WARN_OBJC_IMPLICIT_RETAIN_SELF = YES;
				CLANG_WARN_OBJC_LITERAL_CONVERSION = YES;
				CLANG_WARN_OBJC_ROOT_CLASS = YES_ERROR;
				CLANG_WARN_QUOTED_INCLUDE_IN_FRAMEWORK_HEADER = YES;
				CLANG_WARN_RANGE_LOOP_ANALYSIS = YES;
				CLANG_WARN_STRICT_PROTOTYPES = YES;
				CLANG_WARN_SUSPICIOUS_MOVE = YES;
				CLANG_WARN_UNGUARDED_AVAILABILITY = YES_AGGRESSIVE;
				CLANG_WARN_UNREACHABLE_CODE = YES;
				CLANG_WARN__DUPLICATE_METHOD_MATCH = YES;
				COPY_PHASE_STRIP = NO;
				DEBUG_INFORMATION_FORMAT = "dwarf-with-dsym";
				ENABLE_NS_ASSERTIONS = NO;
				ENABLE_STRICT_OBJC_MSGSEND = YES;
				GCC_C_LANGUAGE_STANDARD = gnu11;
				GCC_NO_COMMON_BLOCKS = YES;
				GCC_WARN_64_TO_32_BIT_CONVERSION = YES;
				GCC_WARN_ABOUT_RETURN_TYPE = YES_ERROR;
				GCC_WARN_UNDECLARED_SELECTOR = YES;
				GCC_WARN_UNINITIALIZED_AUTOS = YES_AGGRESSIVE;
				GCC_WARN_UNUSED_FUNCTION = YES;
				GCC_WARN_UNUSED_VARIABLE = YES;
				IPHONEOS_DEPLOYMENT_TARGET = 16.2;
				MTL_ENABLE_DEBUG_INFO = NO;
				MTL_FAST_MATH = YES;
				SDKROOT = iphoneos;
				SWIFT_COMPILATION_MODE = wholemodule;
				SWIFT_OPTIMIZATION_LEVEL = "-O";
				VALIDATE_PRODUCT = YES;
			};
			name = Release;
		};
		669DA471299D1221006AC2C7 /* Debug */ = {
			isa = XCBuildConfiguration;
			buildSettings = {
				ASSETCATALOG_COMPILER_APPICON_NAME = AppIcon;
				ASSETCATALOG_COMPILER_GLOBAL_ACCENT_COLOR_NAME = AccentColor;
				CODE_SIGN_STYLE = Automatic;
				CURRENT_PROJECT_VERSION = 1;
				DEVELOPMENT_TEAM = C3BZB3Q66B;
				GENERATE_INFOPLIST_FILE = YES;
				INFOPLIST_FILE = "SELENA-SLEDAI/Info.plist";
				INFOPLIST_KEY_UIApplicationSupportsIndirectInputEvents = YES;
				INFOPLIST_KEY_UILaunchStoryboardName = LaunchScreen;
				INFOPLIST_KEY_UIMainStoryboardFile = Main;
				INFOPLIST_KEY_UISupportedInterfaceOrientations_iPad = "UIInterfaceOrientationPortrait UIInterfaceOrientationPortraitUpsideDown UIInterfaceOrientationLandscapeLeft UIInterfaceOrientationLandscapeRight";
				INFOPLIST_KEY_UISupportedInterfaceOrientations_iPhone = "UIInterfaceOrientationPortrait UIInterfaceOrientationLandscapeLeft UIInterfaceOrientationLandscapeRight";
				LD_RUNPATH_SEARCH_PATHS = (
					"$(inherited)",
					"@executable_path/Frameworks",
				);
				MARKETING_VERSION = 1.0;
				PRODUCT_BUNDLE_IDENTIFIER = "Im.SELENA-SLEDAI";
				PRODUCT_NAME = "$(TARGET_NAME)";
				SWIFT_EMIT_LOC_STRINGS = YES;
				SWIFT_VERSION = 5.0;
				TARGETED_DEVICE_FAMILY = "1,2";
			};
			name = Debug;
		};
		669DA472299D1221006AC2C7 /* Release */ = {
			isa = XCBuildConfiguration;
			buildSettings = {
				ASSETCATALOG_COMPILER_APPICON_NAME = AppIcon;
				ASSETCATALOG_COMPILER_GLOBAL_ACCENT_COLOR_NAME = AccentColor;
				CODE_SIGN_STYLE = Automatic;
				CURRENT_PROJECT_VERSION = 1;
				DEVELOPMENT_TEAM = C3BZB3Q66B;
				GENERATE_INFOPLIST_FILE = YES;
				INFOPLIST_FILE = "SELENA-SLEDAI/Info.plist";
				INFOPLIST_KEY_UIApplicationSupportsIndirectInputEvents = YES;
				INFOPLIST_KEY_UILaunchStoryboardName = LaunchScreen;
				INFOPLIST_KEY_UIMainStoryboardFile = Main;
				INFOPLIST_KEY_UISupportedInterfaceOrientations_iPad = "UIInterfaceOrientationPortrait UIInterfaceOrientationPortraitUpsideDown UIInterfaceOrientationLandscapeLeft UIInterfaceOrientationLandscapeRight";
				INFOPLIST_KEY_UISupportedInterfaceOrientations_iPhone = "UIInterfaceOrientationPortrait UIInterfaceOrientationLandscapeLeft UIInterfaceOrientationLandscapeRight";
				LD_RUNPATH_SEARCH_PATHS = (
					"$(inherited)",
					"@executable_path/Frameworks",
				);
				MARKETING_VERSION = 1.0;
				PRODUCT_BUNDLE_IDENTIFIER = "Im.SELENA-SLEDAI";
				PRODUCT_NAME = "$(TARGET_NAME)";
				SWIFT_EMIT_LOC_STRINGS = YES;
				SWIFT_VERSION = 5.0;
				TARGETED_DEVICE_FAMILY = "1,2";
			};
			name = Release;
		};
		669DA474299D1221006AC2C7 /* Debug */ = {
			isa = XCBuildConfiguration;
			buildSettings = {
				ALWAYS_EMBED_SWIFT_STANDARD_LIBRARIES = YES;
				BUNDLE_LOADER = "$(TEST_HOST)";
				CODE_SIGN_STYLE = Automatic;
				CURRENT_PROJECT_VERSION = 1;
				DEVELOPMENT_TEAM = C3BZB3Q66B;
				GENERATE_INFOPLIST_FILE = YES;
				IPHONEOS_DEPLOYMENT_TARGET = 16.2;
				MARKETING_VERSION = 1.0;
				PRODUCT_BUNDLE_IDENTIFIER = "Im.SELENA-SLEDAITests";
				PRODUCT_NAME = "$(TARGET_NAME)";
				SWIFT_EMIT_LOC_STRINGS = NO;
				SWIFT_VERSION = 5.0;
				TARGETED_DEVICE_FAMILY = "1,2";
				TEST_HOST = "$(BUILT_PRODUCTS_DIR)/SELENA-SLEDAI.app/$(BUNDLE_EXECUTABLE_FOLDER_PATH)/SELENA-SLEDAI";
			};
			name = Debug;
		};
		669DA475299D1221006AC2C7 /* Release */ = {
			isa = XCBuildConfiguration;
			buildSettings = {
				ALWAYS_EMBED_SWIFT_STANDARD_LIBRARIES = YES;
				BUNDLE_LOADER = "$(TEST_HOST)";
				CODE_SIGN_STYLE = Automatic;
				CURRENT_PROJECT_VERSION = 1;
				DEVELOPMENT_TEAM = C3BZB3Q66B;
				GENERATE_INFOPLIST_FILE = YES;
				IPHONEOS_DEPLOYMENT_TARGET = 16.2;
				MARKETING_VERSION = 1.0;
				PRODUCT_BUNDLE_IDENTIFIER = "Im.SELENA-SLEDAITests";
				PRODUCT_NAME = "$(TARGET_NAME)";
				SWIFT_EMIT_LOC_STRINGS = NO;
				SWIFT_VERSION = 5.0;
				TARGETED_DEVICE_FAMILY = "1,2";
				TEST_HOST = "$(BUILT_PRODUCTS_DIR)/SELENA-SLEDAI.app/$(BUNDLE_EXECUTABLE_FOLDER_PATH)/SELENA-SLEDAI";
			};
			name = Release;
		};
		669DA477299D1221006AC2C7 /* Debug */ = {
			isa = XCBuildConfiguration;
			buildSettings = {
				ALWAYS_EMBED_SWIFT_STANDARD_LIBRARIES = YES;
				CODE_SIGN_STYLE = Automatic;
				CURRENT_PROJECT_VERSION = 1;
				DEVELOPMENT_TEAM = C3BZB3Q66B;
				GENERATE_INFOPLIST_FILE = YES;
				MARKETING_VERSION = 1.0;
				PRODUCT_BUNDLE_IDENTIFIER = "Im.SELENA-SLEDAIUITests";
				PRODUCT_NAME = "$(TARGET_NAME)";
				SWIFT_EMIT_LOC_STRINGS = NO;
				SWIFT_VERSION = 5.0;
				TARGETED_DEVICE_FAMILY = "1,2";
				TEST_TARGET_NAME = "SELENA-SLEDAI";
			};
			name = Debug;
		};
		669DA478299D1221006AC2C7 /* Release */ = {
			isa = XCBuildConfiguration;
			buildSettings = {
				ALWAYS_EMBED_SWIFT_STANDARD_LIBRARIES = YES;
				CODE_SIGN_STYLE = Automatic;
				CURRENT_PROJECT_VERSION = 1;
				DEVELOPMENT_TEAM = C3BZB3Q66B;
				GENERATE_INFOPLIST_FILE = YES;
				MARKETING_VERSION = 1.0;
				PRODUCT_BUNDLE_IDENTIFIER = "Im.SELENA-SLEDAIUITests";
				PRODUCT_NAME = "$(TARGET_NAME)";
				SWIFT_EMIT_LOC_STRINGS = NO;
				SWIFT_VERSION = 5.0;
				TARGETED_DEVICE_FAMILY = "1,2";
				TEST_TARGET_NAME = "SELENA-SLEDAI";
			};
			name = Release;
		};
/* End XCBuildConfiguration section */

/* Begin XCConfigurationList section */
		669DA441299D1220006AC2C7 /* Build configuration list for PBXProject "SELENA-SLEDAI" */ = {
			isa = XCConfigurationList;
			buildConfigurations = (
				669DA46E299D1221006AC2C7 /* Debug */,
				669DA46F299D1221006AC2C7 /* Release */,
			);
			defaultConfigurationIsVisible = 0;
			defaultConfigurationName = Release;
		};
		669DA470299D1221006AC2C7 /* Build configuration list for PBXNativeTarget "SELENA-SLEDAI" */ = {
			isa = XCConfigurationList;
			buildConfigurations = (
				669DA471299D1221006AC2C7 /* Debug */,
				669DA472299D1221006AC2C7 /* Release */,
			);
			defaultConfigurationIsVisible = 0;
			defaultConfigurationName = Release;
		};
		669DA473299D1221006AC2C7 /* Build configuration list for PBXNativeTarget "SELENA-SLEDAITests" */ = {
			isa = XCConfigurationList;
			buildConfigurations = (
				669DA474299D1221006AC2C7 /* Debug */,
				669DA475299D1221006AC2C7 /* Release */,
			);
			defaultConfigurationIsVisible = 0;
			defaultConfigurationName = Release;
		};
		669DA476299D1221006AC2C7 /* Build configuration list for PBXNativeTarget "SELENA-SLEDAIUITests" */ = {
			isa = XCConfigurationList;
			buildConfigurations = (
				669DA477299D1221006AC2C7 /* Debug */,
				669DA478299D1221006AC2C7 /* Release */,
			);
			defaultConfigurationIsVisible = 0;
			defaultConfigurationName = Release;
		};
/* End XCConfigurationList section */

/* Begin XCRemoteSwiftPackageReference section */
		669DA47D299D1DED006AC2C7 /* XCRemoteSwiftPackageReference "realm-swift" */ = {
			isa = XCRemoteSwiftPackageReference;
			repositoryURL = "https://github.com/realm/realm-swift.git";
			requirement = {
				branch = master;
				kind = branch;
			};
		};
/* End XCRemoteSwiftPackageReference section */

/* Begin XCSwiftPackageProductDependency section */
		669DA47E299D1DED006AC2C7 /* Realm */ = {
			isa = XCSwiftPackageProductDependency;
			package = 669DA47D299D1DED006AC2C7 /* XCRemoteSwiftPackageReference "realm-swift" */;
			productName = Realm;
		};
		669DA480299D1DED006AC2C7 /* RealmSwift */ = {
			isa = XCSwiftPackageProductDependency;
			package = 669DA47D299D1DED006AC2C7 /* XCRemoteSwiftPackageReference "realm-swift" */;
			productName = RealmSwift;
		};
/* End XCSwiftPackageProductDependency section */
	};
	rootObject = 669DA43E299D1220006AC2C7 /* Project object */;
}
